
Microsoft Visual Studio Solution File, Format Version 12.00
# Visual Studio Version 17
VisualStudioVersion = 17.9.34728.123
MinimumVisualStudioVersion = 10.0.40219.1
Project("{FAE04EC0-301F-11D3-BF4B-00C04F79EFBC}") = "WEB_SAM_BMT", "WEB_SAM_BMT\WEB_SAM_BMT.csproj", "{115701EF-06B9-4DE0-BD04-E17D870BE23F}"
EndProject
Global
	GlobalSection(SolutionConfigurationPlatforms) = preSolution
		Debug|Any CPU = Debug|Any CPU
		Release|Any CPU = Release|Any CPU
	EndGlobalSection
	GlobalSection(ProjectConfigurationPlatforms) = postSolution
		{115701EF-06B9-4DE0-BD04-E17D870BE23F}.Debug|Any CPU.ActiveCfg = Debug|Any CPU
		{115701EF-06B9-4DE0-BD04-E17D870BE23F}.Debug|Any CPU.Build.0 = Debug|Any CPU
		{115701EF-06B9-4DE0-BD04-E17D870BE23F}.Release|Any CPU.ActiveCfg = Release|Any CPU
		{115701EF-06B9-4DE0-BD04-E17D870BE23F}.Release|Any CPU.Build.0 = Release|Any CPU
	EndGlobalSection
	GlobalSection(SolutionProperties) = preSolution
		HideSolutionNode = FALSE
	EndGlobalSection
	GlobalSection(ExtensibilityGlobals) = postSolution
		SolutionGuid = {7381987B-B43D-4838-B33D-CEFD7D4CA178}
	EndGlobalSection
EndGlobal
